
Microsoft Visual Studio Solution File, Format Version 12.00
# Visual Studio Version 16
VisualStudioVersion = 16.0.31702.278
MinimumVisualStudioVersion = 10.0.40219.1
Project("{FAE04EC0-301F-11D3-BF4B-00C04F79EFBC}") = "Practice7_Task1", "Practice7_Task1\Practice7_Task1.csproj", "{7AB1C35B-029B-4E6E-9E26-093E637C1CF3}"
EndProject
Project("{FAE04EC0-301F-11D3-BF4B-00C04F79EFBC}") = "Practice7_Task2", "Practice7_Task2\Practice7_Task2.csproj", "{4031F4BC-E299-457C-82E2-7EA38318DFC8}"
EndProject
Global
	GlobalSection(SolutionConfigurationPlatforms) = preSolution
		Debug|Any CPU = Debug|Any CPU
		Release|Any CPU = Release|Any CPU
	EndGlobalSection
	GlobalSection(ProjectConfigurationPlatforms) = postSolution
		{7AB1C35B-029B-4E6E-9E26-093E637C1CF3}.Debug|Any CPU.ActiveCfg = Debug|Any CPU
		{7AB1C35B-029B-4E6E-9E26-093E637C1CF3}.Debug|Any CPU.Build.0 = Debug|Any CPU
		{7AB1C35B-029B-4E6E-9E26-093E637C1CF3}.Release|Any CPU.ActiveCfg = Release|Any CPU
		{7AB1C35B-029B-4E6E-9E26-093E637C1CF3}.Release|Any CPU.Build.0 = Release|Any CPU
		{4031F4BC-E299-457C-82E2-7EA38318DFC8}.Debug|Any CPU.ActiveCfg = Debug|Any CPU
		{4031F4BC-E299-457C-82E2-7EA38318DFC8}.Debug|Any CPU.Build.0 = Debug|Any CPU
		{4031F4BC-E299-457C-82E2-7EA38318DFC8}.Release|Any CPU.ActiveCfg = Release|Any CPU
		{4031F4BC-E299-457C-82E2-7EA38318DFC8}.Release|Any CPU.Build.0 = Release|Any CPU
	EndGlobalSection
	GlobalSection(SolutionProperties) = preSolution
		HideSolutionNode = FALSE
	EndGlobalSection
	GlobalSection(ExtensibilityGlobals) = postSolution
		SolutionGuid = {C017DFE9-EEE0-4837-81DD-6247598B96A4}
	EndGlobalSection
EndGlobal
