
Microsoft Visual Studio Solution File, Format Version 12.00
# Visual Studio Version 16
VisualStudioVersion = 16.0.31702.278
MinimumVisualStudioVersion = 10.0.40219.1
Project("{9A19103F-16F7-4668-BE54-9A1E7A4F7556}") = "Practice3", "Practice3\Practice3.csproj", "{897740BD-5831-43AC-A57E-B3841CC9BB64}"
EndProject
Project("{9A19103F-16F7-4668-BE54-9A1E7A4F7556}") = "Practice3_Task2", "Practice3_Task2\Practice3_Task2.csproj", "{1827C31D-EFD8-45E7-A55F-1C816927D43D}"
EndProject
Project("{9A19103F-16F7-4668-BE54-9A1E7A4F7556}") = "Practice3_Task3", "Practice3_Task3\Practice3_Task3.csproj", "{5C04C04F-8322-493A-9E2D-DB6E85CE3373}"
EndProject
Project("{FAE04EC0-301F-11D3-BF4B-00C04F79EFBC}") = "Practice3_Task4", "Practice3_Task4\Practice3_Task4.csproj", "{9E95C568-A895-45CB-BE29-12BDD765D6E6}"
EndProject
Global
	GlobalSection(SolutionConfigurationPlatforms) = preSolution
		Debug|Any CPU = Debug|Any CPU
		Release|Any CPU = Release|Any CPU
	EndGlobalSection
	GlobalSection(ProjectConfigurationPlatforms) = postSolution
		{897740BD-5831-43AC-A57E-B3841CC9BB64}.Debug|Any CPU.ActiveCfg = Debug|Any CPU
		{897740BD-5831-43AC-A57E-B3841CC9BB64}.Debug|Any CPU.Build.0 = Debug|Any CPU
		{897740BD-5831-43AC-A57E-B3841CC9BB64}.Release|Any CPU.ActiveCfg = Release|Any CPU
		{897740BD-5831-43AC-A57E-B3841CC9BB64}.Release|Any CPU.Build.0 = Release|Any CPU
		{1827C31D-EFD8-45E7-A55F-1C816927D43D}.Debug|Any CPU.ActiveCfg = Debug|Any CPU
		{1827C31D-EFD8-45E7-A55F-1C816927D43D}.Debug|Any CPU.Build.0 = Debug|Any CPU
		{1827C31D-EFD8-45E7-A55F-1C816927D43D}.Release|Any CPU.ActiveCfg = Release|Any CPU
		{1827C31D-EFD8-45E7-A55F-1C816927D43D}.Release|Any CPU.Build.0 = Release|Any CPU
		{5C04C04F-8322-493A-9E2D-DB6E85CE3373}.Debug|Any CPU.ActiveCfg = Debug|Any CPU
		{5C04C04F-8322-493A-9E2D-DB6E85CE3373}.Debug|Any CPU.Build.0 = Debug|Any CPU
		{5C04C04F-8322-493A-9E2D-DB6E85CE3373}.Release|Any CPU.ActiveCfg = Release|Any CPU
		{5C04C04F-8322-493A-9E2D-DB6E85CE3373}.Release|Any CPU.Build.0 = Release|Any CPU
		{9E95C568-A895-45CB-BE29-12BDD765D6E6}.Debug|Any CPU.ActiveCfg = Debug|Any CPU
		{9E95C568-A895-45CB-BE29-12BDD765D6E6}.Debug|Any CPU.Build.0 = Debug|Any CPU
		{9E95C568-A895-45CB-BE29-12BDD765D6E6}.Release|Any CPU.ActiveCfg = Release|Any CPU
		{9E95C568-A895-45CB-BE29-12BDD765D6E6}.Release|Any CPU.Build.0 = Release|Any CPU
	EndGlobalSection
	GlobalSection(SolutionProperties) = preSolution
		HideSolutionNode = FALSE
	EndGlobalSection
	GlobalSection(ExtensibilityGlobals) = postSolution
		SolutionGuid = {5689106D-D289-47F3-9E8D-3F5C72121EEE}
	EndGlobalSection
EndGlobal
